
Microsoft Visual Studio Solution File, Format Version 12.00
# Visual Studio 2017
Project("{FAE04EC0-301F-11D3-BF4B-00C04F79EFBC}") = "Trabalho_TCC", "Trabalho_TCC.csproj", "{759C720A-CF58-A46A-2F76-F4D709276E56}"
EndProject
Global
	GlobalSection(SolutionConfigurationPlatforms) = preSolution
		Debug|Any CPU = Debug|Any CPU
		Release|Any CPU = Release|Any CPU
	EndGlobalSection
	GlobalSection(ProjectConfigurationPlatforms) = postSolution
		{759C720A-CF58-A46A-2F76-F4D709276E56}.Debug|Any CPU.ActiveCfg = Debug|Any CPU
		{759C720A-CF58-A46A-2F76-F4D709276E56}.Debug|Any CPU.Build.0 = Debug|Any CPU
		{759C720A-CF58-A46A-2F76-F4D709276E56}.Release|Any CPU.ActiveCfg = Release|Any CPU
		{759C720A-CF58-A46A-2F76-F4D709276E56}.Release|Any CPU.Build.0 = Release|Any CPU
	EndGlobalSection
	GlobalSection(SolutionProperties) = preSolution
		HideSolutionNode = FALSE
	EndGlobalSection
EndGlobal
